
Microsoft Visual Studio Solution File, Format Version 12.00
# Visual Studio Version 17
VisualStudioVersion = 17.3.32922.545
MinimumVisualStudioVersion = 10.0.40219.1
Project("{FAE04EC0-301F-11D3-BF4B-00C04F79EFBC}") = "TrackBarKontrola", "TrackBarKontrola\TrackBarKontrola.csproj", "{E46820F9-C715-42C8-B094-D919CABE473B}"
EndProject
Global
	GlobalSection(SolutionConfigurationPlatforms) = preSolution
		Debug|Any CPU = Debug|Any CPU
		Release|Any CPU = Release|Any CPU
	EndGlobalSection
	GlobalSection(ProjectConfigurationPlatforms) = postSolution
		{E46820F9-C715-42C8-B094-D919CABE473B}.Debug|Any CPU.ActiveCfg = Debug|Any CPU
		{E46820F9-C715-42C8-B094-D919CABE473B}.Debug|Any CPU.Build.0 = Debug|Any CPU
		{E46820F9-C715-42C8-B094-D919CABE473B}.Release|Any CPU.ActiveCfg = Release|Any CPU
		{E46820F9-C715-42C8-B094-D919CABE473B}.Release|Any CPU.Build.0 = Release|Any CPU
	EndGlobalSection
	GlobalSection(SolutionProperties) = preSolution
		HideSolutionNode = FALSE
	EndGlobalSection
	GlobalSection(ExtensibilityGlobals) = postSolution
		SolutionGuid = {BE148623-9E67-4626-9428-33ED7B5948F4}
	EndGlobalSection
EndGlobal
